// !$*UTF8*$!
{
	archiveVersion = 1;
	classes = {
	};
	objectVersion = 55;
	objects = {

/* Begin PBXBuildFile section */
		AD0E89562885501A004E90A2 /* FinalResultViewController.swift in Sources */ = {isa = PBXBuildFile; fileRef = AD0E89552885501A004E90A2 /* FinalResultViewController.swift */; };
		AD2177A428893D5300673B57 /* NetworkResult.swift in Sources */ = {isa = PBXBuildFile; fileRef = AD2177A328893D5300673B57 /* NetworkResult.swift */; };
		AD2177A628893D9400673B57 /* FlowerModel.swift in Sources */ = {isa = PBXBuildFile; fileRef = AD2177A528893D9400673B57 /* FlowerModel.swift */; };
		AD2177A928893E1B00673B57 /* FlowerService.swift in Sources */ = {isa = PBXBuildFile; fileRef = AD2177A828893E1B00673B57 /* FlowerService.swift */; };
		AD3501CC286D9C1100B4398D /* PhotoAuth.swift in Sources */ = {isa = PBXBuildFile; fileRef = AD3501CB286D9C1100B4398D /* PhotoAuth.swift */; };
		AD3501CE286D9C6F00B4398D /* SimpleAlert.swift in Sources */ = {isa = PBXBuildFile; fileRef = AD3501CD286D9C6F00B4398D /* SimpleAlert.swift */; };
		AD384D6F286C4B1300611D4D /* ChoicePhotoViewController.swift in Sources */ = {isa = PBXBuildFile; fileRef = AD384D6E286C4B1300611D4D /* ChoicePhotoViewController.swift */; };
		AD607F052876D6D30054B60C /* AddActionEditService.swift in Sources */ = {isa = PBXBuildFile; fileRef = AD607F042876D6D30054B60C /* AddActionEditService.swift */; };
		AD74C8472882E2A100B3D1A9 /* ImageErrorViewController.swift in Sources */ = {isa = PBXBuildFile; fileRef = AD74C8462882E2A100B3D1A9 /* ImageErrorViewController.swift */; };
		AD7E99892875835F00B5CCEF /* LeferiBaseBold.otf in Resources */ = {isa = PBXBuildFile; fileRef = AD7E99842875835400B5CCEF /* LeferiBaseBold.otf */; };
		AD7E998A2875836100B5CCEF /* LeferiBaseRegular.otf in Resources */ = {isa = PBXBuildFile; fileRef = AD7E99872875835400B5CCEF /* LeferiBaseRegular.otf */; };
		AD7E998B2875836300B5CCEF /* LeferiPointBlack.otf in Resources */ = {isa = PBXBuildFile; fileRef = AD7E99832875835400B5CCEF /* LeferiPointBlack.otf */; };
		AD7E998C2875836600B5CCEF /* LeferiPointBlackOblique.otf in Resources */ = {isa = PBXBuildFile; fileRef = AD7E99862875835400B5CCEF /* LeferiPointBlackOblique.otf */; };
		AD7E998D2875836800B5CCEF /* LeferiPointSpecial.otf in Resources */ = {isa = PBXBuildFile; fileRef = AD7E99802875835400B5CCEF /* LeferiPointSpecial.otf */; };
		AD7E998E2875836A00B5CCEF /* LeferiPointSpecialItalic.otf in Resources */ = {isa = PBXBuildFile; fileRef = AD7E99822875835400B5CCEF /* LeferiPointSpecialItalic.otf */; };
		AD7E998F2875836C00B5CCEF /* LeferiPointWhite.otf in Resources */ = {isa = PBXBuildFile; fileRef = AD7E99852875835400B5CCEF /* LeferiPointWhite.otf */; };
		AD7E99902875836E00B5CCEF /* LeferiPointWhiteOblique.otf in Resources */ = {isa = PBXBuildFile; fileRef = AD7E99812875835400B5CCEF /* LeferiPointWhiteOblique.otf */; };
		AD7E99912875837000B5CCEF /* SimKyungha.otf in Resources */ = {isa = PBXBuildFile; fileRef = AD7E99882875835500B5CCEF /* SimKyungha.otf */; };
		AD7E99952876BDFF00B5CCEF /* GalleryViewController.swift in Sources */ = {isa = PBXBuildFile; fileRef = AD7E99942876BDFF00B5CCEF /* GalleryViewController.swift */; };
		AD7E99972876C74A00B5CCEF /* PhotoInfo.swift in Sources */ = {isa = PBXBuildFile; fileRef = AD7E99962876C74A00B5CCEF /* PhotoInfo.swift */; };
		ADC90D9B28813F9600B55B6F /* ResultPhotoViewController.swift in Sources */ = {isa = PBXBuildFile; fileRef = ADC90D9A28813F9600B55B6F /* ResultPhotoViewController.swift */; };
		ADC90D9D28814B7B00B55B6F /* ErrorViewController.swift in Sources */ = {isa = PBXBuildFile; fileRef = ADC90D9C28814B7B00B55B6F /* ErrorViewController.swift */; };
		ADD54075287FE2ED009DF6D0 /* PopupViewController.swift in Sources */ = {isa = PBXBuildFile; fileRef = ADD54074287FE2ED009DF6D0 /* PopupViewController.swift */; };
		ADD54077287FECE3009DF6D0 /* GalleryTableViewController.swift in Sources */ = {isa = PBXBuildFile; fileRef = ADD54076287FECE3009DF6D0 /* GalleryTableViewController.swift */; };
		ADE357E3287ED0A400CB1283 /* ComparePhotoViewController.swift in Sources */ = {isa = PBXBuildFile; fileRef = ADE357E2287ED0A400CB1283 /* ComparePhotoViewController.swift */; };
		D86E9F802864A8460054E535 /* PhotoGuideViewController.swift in Sources */ = {isa = PBXBuildFile; fileRef = D86E9F7F2864A8460054E535 /* PhotoGuideViewController.swift */; };
		D870DE1E2861DAE30096CC57 /* AppDelegate.swift in Sources */ = {isa = PBXBuildFile; fileRef = D870DE1D2861DAE30096CC57 /* AppDelegate.swift */; };
		D870DE202861DAE30096CC57 /* SceneDelegate.swift in Sources */ = {isa = PBXBuildFile; fileRef = D870DE1F2861DAE30096CC57 /* SceneDelegate.swift */; };
		D870DE222861DAE30096CC57 /* ViewController.swift in Sources */ = {isa = PBXBuildFile; fileRef = D870DE212861DAE30096CC57 /* ViewController.swift */; };
		D870DE252861DAE30096CC57 /* Main.storyboard in Resources */ = {isa = PBXBuildFile; fileRef = D870DE232861DAE30096CC57 /* Main.storyboard */; };
		D870DE272861DAE70096CC57 /* Assets.xcassets in Resources */ = {isa = PBXBuildFile; fileRef = D870DE262861DAE70096CC57 /* Assets.xcassets */; };
		D870DE2A2861DAE70096CC57 /* LaunchScreen.storyboard in Resources */ = {isa = PBXBuildFile; fileRef = D870DE282861DAE70096CC57 /* LaunchScreen.storyboard */; };
		DD02C6A2F56F14C0B494567A /* Pods_Flooming.framework in Frameworks */ = {isa = PBXBuildFile; fileRef = 84C25C0C6867F726027F7F4D /* Pods_Flooming.framework */; };
/* End PBXBuildFile section */

/* Begin PBXFileReference section */
		1113ED7655B9E54C709882DB /* Pods-Flooming.debug.xcconfig */ = {isa = PBXFileReference; includeInIndex = 1; lastKnownFileType = text.xcconfig; name = "Pods-Flooming.debug.xcconfig"; path = "Target Support Files/Pods-Flooming/Pods-Flooming.debug.xcconfig"; sourceTree = "<group>"; };
		84C25C0C6867F726027F7F4D /* Pods_Flooming.framework */ = {isa = PBXFileReference; explicitFileType = wrapper.framework; includeInIndex = 0; path = Pods_Flooming.framework; sourceTree = BUILT_PRODUCTS_DIR; };
		8D7FFD3109C166CD6B90BEC0 /* Pods-Flooming.release.xcconfig */ = {isa = PBXFileReference; includeInIndex = 1; lastKnownFileType = text.xcconfig; name = "Pods-Flooming.release.xcconfig"; path = "Target Support Files/Pods-Flooming/Pods-Flooming.release.xcconfig"; sourceTree = "<group>"; };
		AD0E89552885501A004E90A2 /* FinalResultViewController.swift */ = {isa = PBXFileReference; lastKnownFileType = sourcecode.swift; path = FinalResultViewController.swift; sourceTree = "<group>"; };
		AD2177A328893D5300673B57 /* NetworkResult.swift */ = {isa = PBXFileReference; lastKnownFileType = sourcecode.swift; path = NetworkResult.swift; sourceTree = "<group>"; };
		AD2177A528893D9400673B57 /* FlowerModel.swift */ = {isa = PBXFileReference; lastKnownFileType = sourcecode.swift; path = FlowerModel.swift; sourceTree = "<group>"; };
		AD2177A828893E1B00673B57 /* FlowerService.swift */ = {isa = PBXFileReference; lastKnownFileType = sourcecode.swift; path = FlowerService.swift; sourceTree = "<group>"; };
		AD3501CB286D9C1100B4398D /* PhotoAuth.swift */ = {isa = PBXFileReference; lastKnownFileType = sourcecode.swift; path = PhotoAuth.swift; sourceTree = "<group>"; };
		AD3501CD286D9C6F00B4398D /* SimpleAlert.swift */ = {isa = PBXFileReference; lastKnownFileType = sourcecode.swift; path = SimpleAlert.swift; sourceTree = "<group>"; };
		AD384D6E286C4B1300611D4D /* ChoicePhotoViewController.swift */ = {isa = PBXFileReference; lastKnownFileType = sourcecode.swift; path = ChoicePhotoViewController.swift; sourceTree = "<group>"; };
		AD607F042876D6D30054B60C /* AddActionEditService.swift */ = {isa = PBXFileReference; lastKnownFileType = sourcecode.swift; path = AddActionEditService.swift; sourceTree = "<group>"; };
		AD74C8462882E2A100B3D1A9 /* ImageErrorViewController.swift */ = {isa = PBXFileReference; lastKnownFileType = sourcecode.swift; path = ImageErrorViewController.swift; sourceTree = "<group>"; };
		AD7E99802875835400B5CCEF /* LeferiPointSpecial.otf */ = {isa = PBXFileReference; lastKnownFileType = file; path = LeferiPointSpecial.otf; sourceTree = "<group>"; };
		AD7E99812875835400B5CCEF /* LeferiPointWhiteOblique.otf */ = {isa = PBXFileReference; lastKnownFileType = file; path = LeferiPointWhiteOblique.otf; sourceTree = "<group>"; };
		AD7E99822875835400B5CCEF /* LeferiPointSpecialItalic.otf */ = {isa = PBXFileReference; lastKnownFileType = file; path = LeferiPointSpecialItalic.otf; sourceTree = "<group>"; };
		AD7E99832875835400B5CCEF /* LeferiPointBlack.otf */ = {isa = PBXFileReference; lastKnownFileType = file; path = LeferiPointBlack.otf; sourceTree = "<group>"; };
		AD7E99842875835400B5CCEF /* LeferiBaseBold.otf */ = {isa = PBXFileReference; lastKnownFileType = file; path = LeferiBaseBold.otf; sourceTree = "<group>"; };
		AD7E99852875835400B5CCEF /* LeferiPointWhite.otf */ = {isa = PBXFileReference; lastKnownFileType = file; path = LeferiPointWhite.otf; sourceTree = "<group>"; };
		AD7E99862875835400B5CCEF /* LeferiPointBlackOblique.otf */ = {isa = PBXFileReference; lastKnownFileType = file; path = LeferiPointBlackOblique.otf; sourceTree = "<group>"; };
		AD7E99872875835400B5CCEF /* LeferiBaseRegular.otf */ = {isa = PBXFileReference; lastKnownFileType = file; path = LeferiBaseRegular.otf; sourceTree = "<group>"; };
		AD7E99882875835500B5CCEF /* SimKyungha.otf */ = {isa = PBXFileReference; lastKnownFileType = file; path = SimKyungha.otf; sourceTree = "<group>"; };
		AD7E99942876BDFF00B5CCEF /* GalleryViewController.swift */ = {isa = PBXFileReference; lastKnownFileType = sourcecode.swift; path = GalleryViewController.swift; sourceTree = "<group>"; };
		AD7E99962876C74A00B5CCEF /* PhotoInfo.swift */ = {isa = PBXFileReference; lastKnownFileType = sourcecode.swift; path = PhotoInfo.swift; sourceTree = "<group>"; };
		ADC90D9A28813F9600B55B6F /* ResultPhotoViewController.swift */ = {isa = PBXFileReference; lastKnownFileType = sourcecode.swift; path = ResultPhotoViewController.swift; sourceTree = "<group>"; };
		ADC90D9C28814B7B00B55B6F /* ErrorViewController.swift */ = {isa = PBXFileReference; lastKnownFileType = sourcecode.swift; path = ErrorViewController.swift; sourceTree = "<group>"; };
		ADD54074287FE2ED009DF6D0 /* PopupViewController.swift */ = {isa = PBXFileReference; lastKnownFileType = sourcecode.swift; path = PopupViewController.swift; sourceTree = "<group>"; };
		ADD54076287FECE3009DF6D0 /* GalleryTableViewController.swift */ = {isa = PBXFileReference; lastKnownFileType = sourcecode.swift; path = GalleryTableViewController.swift; sourceTree = "<group>"; };
		ADE357E2287ED0A400CB1283 /* ComparePhotoViewController.swift */ = {isa = PBXFileReference; lastKnownFileType = sourcecode.swift; path = ComparePhotoViewController.swift; sourceTree = "<group>"; };
		D86E9F7F2864A8460054E535 /* PhotoGuideViewController.swift */ = {isa = PBXFileReference; lastKnownFileType = sourcecode.swift; path = PhotoGuideViewController.swift; sourceTree = "<group>"; };
		D870DE1A2861DAE30096CC57 /* Flooming.app */ = {isa = PBXFileReference; explicitFileType = wrapper.application; includeInIndex = 0; path = Flooming.app; sourceTree = BUILT_PRODUCTS_DIR; };
		D870DE1D2861DAE30096CC57 /* AppDelegate.swift */ = {isa = PBXFileReference; lastKnownFileType = sourcecode.swift; path = AppDelegate.swift; sourceTree = "<group>"; };
		D870DE1F2861DAE30096CC57 /* SceneDelegate.swift */ = {isa = PBXFileReference; lastKnownFileType = sourcecode.swift; path = SceneDelegate.swift; sourceTree = "<group>"; };
		D870DE212861DAE30096CC57 /* ViewController.swift */ = {isa = PBXFileReference; lastKnownFileType = sourcecode.swift; path = ViewController.swift; sourceTree = "<group>"; };
		D870DE242861DAE30096CC57 /* Base */ = {isa = PBXFileReference; lastKnownFileType = file.storyboard; name = Base; path = Base.lproj/Main.storyboard; sourceTree = "<group>"; };
		D870DE262861DAE70096CC57 /* Assets.xcassets */ = {isa = PBXFileReference; lastKnownFileType = folder.assetcatalog; path = Assets.xcassets; sourceTree = "<group>"; };
		D870DE292861DAE70096CC57 /* Base */ = {isa = PBXFileReference; lastKnownFileType = file.storyboard; name = Base; path = Base.lproj/LaunchScreen.storyboard; sourceTree = "<group>"; };
		D870DE2B2861DAE70096CC57 /* Info.plist */ = {isa = PBXFileReference; lastKnownFileType = text.plist.xml; path = Info.plist; sourceTree = "<group>"; };
/* End PBXFileReference section */

/* Begin PBXFrameworksBuildPhase section */
		D870DE172861DAE30096CC57 /* Frameworks */ = {
			isa = PBXFrameworksBuildPhase;
			buildActionMask = 2147483647;
			files = (
				DD02C6A2F56F14C0B494567A /* Pods_Flooming.framework in Frameworks */,
			);
			runOnlyForDeploymentPostprocessing = 0;
		};
/* End PBXFrameworksBuildPhase section */

/* Begin PBXGroup section */
		28D422F330856BD245635499 /* Pods */ = {
			isa = PBXGroup;
			children = (
				1113ED7655B9E54C709882DB /* Pods-Flooming.debug.xcconfig */,
				8D7FFD3109C166CD6B90BEC0 /* Pods-Flooming.release.xcconfig */,
			);
			path = Pods;
			sourceTree = "<group>";
		};
		4A3518F116819FB040CE0141 /* Frameworks */ = {
			isa = PBXGroup;
			children = (
				84C25C0C6867F726027F7F4D /* Pods_Flooming.framework */,
			);
			name = Frameworks;
			sourceTree = "<group>";
		};
		AD2177A728893DEF00673B57 /* FlowerGet */ = {
			isa = PBXGroup;
			children = (
				AD2177A528893D9400673B57 /* FlowerModel.swift */,
				AD2177A328893D5300673B57 /* NetworkResult.swift */,
				AD2177A828893E1B00673B57 /* FlowerService.swift */,
			);
			path = FlowerGet;
			sourceTree = "<group>";
		};
		AD7E997F2875834800B5CCEF /* Font */ = {
			isa = PBXGroup;
			children = (
				AD7E99842875835400B5CCEF /* LeferiBaseBold.otf */,
				AD7E99872875835400B5CCEF /* LeferiBaseRegular.otf */,
				AD7E99832875835400B5CCEF /* LeferiPointBlack.otf */,
				AD7E99862875835400B5CCEF /* LeferiPointBlackOblique.otf */,
				AD7E99802875835400B5CCEF /* LeferiPointSpecial.otf */,
				AD7E99822875835400B5CCEF /* LeferiPointSpecialItalic.otf */,
				AD7E99852875835400B5CCEF /* LeferiPointWhite.otf */,
				AD7E99812875835400B5CCEF /* LeferiPointWhiteOblique.otf */,
				AD7E99882875835500B5CCEF /* SimKyungha.otf */,
			);
			path = Font;
			sourceTree = "<group>";
		};
		D870DE112861DAE30096CC57 = {
			isa = PBXGroup;
			children = (
				AD7E997F2875834800B5CCEF /* Font */,
				D870DE1C2861DAE30096CC57 /* Flooming */,
				D870DE1B2861DAE30096CC57 /* Products */,
				28D422F330856BD245635499 /* Pods */,
				4A3518F116819FB040CE0141 /* Frameworks */,
			);
			sourceTree = "<group>";
		};
		D870DE1B2861DAE30096CC57 /* Products */ = {
			isa = PBXGroup;
			children = (
				D870DE1A2861DAE30096CC57 /* Flooming.app */,
			);
			name = Products;
			sourceTree = "<group>";
		};
		D870DE1C2861DAE30096CC57 /* Flooming */ = {
			isa = PBXGroup;
			children = (
				AD2177A728893DEF00673B57 /* FlowerGet */,
				D870DE212861DAE30096CC57 /* ViewController.swift */,
				D86E9F7F2864A8460054E535 /* PhotoGuideViewController.swift */,
				AD384D6E286C4B1300611D4D /* ChoicePhotoViewController.swift */,
				ADC90D9A28813F9600B55B6F /* ResultPhotoViewController.swift */,
				AD0E89552885501A004E90A2 /* FinalResultViewController.swift */,
				ADD54076287FECE3009DF6D0 /* GalleryTableViewController.swift */,
				AD7E99942876BDFF00B5CCEF /* GalleryViewController.swift */,
				D870DE1D2861DAE30096CC57 /* AppDelegate.swift */,
				D870DE1F2861DAE30096CC57 /* SceneDelegate.swift */,
				ADE357E2287ED0A400CB1283 /* ComparePhotoViewController.swift */,
				D870DE232861DAE30096CC57 /* Main.storyboard */,
				D870DE262861DAE70096CC57 /* Assets.xcassets */,
				D870DE282861DAE70096CC57 /* LaunchScreen.storyboard */,
				D870DE2B2861DAE70096CC57 /* Info.plist */,
				AD3501CB286D9C1100B4398D /* PhotoAuth.swift */,
				AD3501CD286D9C6F00B4398D /* SimpleAlert.swift */,
				AD7E99962876C74A00B5CCEF /* PhotoInfo.swift */,
				AD607F042876D6D30054B60C /* AddActionEditService.swift */,
				ADD54074287FE2ED009DF6D0 /* PopupViewController.swift */,
				ADC90D9C28814B7B00B55B6F /* ErrorViewController.swift */,
				AD74C8462882E2A100B3D1A9 /* ImageErrorViewController.swift */,
			);
			path = Flooming;
			sourceTree = "<group>";
		};
/* End PBXGroup section */

/* Begin PBXNativeTarget section */
		D870DE192861DAE30096CC57 /* Flooming */ = {
			isa = PBXNativeTarget;
			buildConfigurationList = D870DE2E2861DAE70096CC57 /* Build configuration list for PBXNativeTarget "Flooming" */;
			buildPhases = (
				DDD052192E87372F5CC6C89D /* [CP] Check Pods Manifest.lock */,
				D870DE162861DAE30096CC57 /* Sources */,
				D870DE172861DAE30096CC57 /* Frameworks */,
				D870DE182861DAE30096CC57 /* Resources */,
				E7A771DE0B69318997B979CB /* [CP] Embed Pods Frameworks */,
			);
			buildRules = (
			);
			dependencies = (
			);
			name = Flooming;
			productName = Flooming;
			productReference = D870DE1A2861DAE30096CC57 /* Flooming.app */;
			productType = "com.apple.product-type.application";
		};
/* End PBXNativeTarget section */

/* Begin PBXProject section */
		D870DE122861DAE30096CC57 /* Project object */ = {
			isa = PBXProject;
			attributes = {
				BuildIndependentTargetsInParallel = 1;
				LastSwiftUpdateCheck = 1340;
				LastUpgradeCheck = 1340;
				TargetAttributes = {
					D870DE192861DAE30096CC57 = {
						CreatedOnToolsVersion = 13.4.1;
					};
				};
			};
			buildConfigurationList = D870DE152861DAE30096CC57 /* Build configuration list for PBXProject "Flooming" */;
			compatibilityVersion = "Xcode 13.0";
			developmentRegion = en;
			hasScannedForEncodings = 0;
			knownRegions = (
				en,
				Base,
			);
			mainGroup = D870DE112861DAE30096CC57;
			productRefGroup = D870DE1B2861DAE30096CC57 /* Products */;
			projectDirPath = "";
			projectRoot = "";
			targets = (
				D870DE192861DAE30096CC57 /* Flooming */,
			);
		};
/* End PBXProject section */

/* Begin PBXResourcesBuildPhase section */
		D870DE182861DAE30096CC57 /* Resources */ = {
			isa = PBXResourcesBuildPhase;
			buildActionMask = 2147483647;
			files = (
				AD7E99892875835F00B5CCEF /* LeferiBaseBold.otf in Resources */,
				D870DE2A2861DAE70096CC57 /* LaunchScreen.storyboard in Resources */,
				AD7E998C2875836600B5CCEF /* LeferiPointBlackOblique.otf in Resources */,
				D870DE272861DAE70096CC57 /* Assets.xcassets in Resources */,
				AD7E99902875836E00B5CCEF /* LeferiPointWhiteOblique.otf in Resources */,
				D870DE252861DAE30096CC57 /* Main.storyboard in Resources */,
				AD7E998A2875836100B5CCEF /* LeferiBaseRegular.otf in Resources */,
				AD7E998E2875836A00B5CCEF /* LeferiPointSpecialItalic.otf in Resources */,
				AD7E998B2875836300B5CCEF /* LeferiPointBlack.otf in Resources */,
				AD7E99912875837000B5CCEF /* SimKyungha.otf in Resources */,
				AD7E998D2875836800B5CCEF /* LeferiPointSpecial.otf in Resources */,
				AD7E998F2875836C00B5CCEF /* LeferiPointWhite.otf in Resources */,
			);
			runOnlyForDeploymentPostprocessing = 0;
		};
/* End PBXResourcesBuildPhase section */

/* Begin PBXShellScriptBuildPhase section */
		DDD052192E87372F5CC6C89D /* [CP] Check Pods Manifest.lock */ = {
			isa = PBXShellScriptBuildPhase;
			buildActionMask = 2147483647;
			files = (
			);
			inputFileListPaths = (
			);
			inputPaths = (
				"${PODS_PODFILE_DIR_PATH}/Podfile.lock",
				"${PODS_ROOT}/Manifest.lock",
			);
			name = "[CP] Check Pods Manifest.lock";
			outputFileListPaths = (
			);
			outputPaths = (
				"$(DERIVED_FILE_DIR)/Pods-Flooming-checkManifestLockResult.txt",
			);
			runOnlyForDeploymentPostprocessing = 0;
			shellPath = /bin/sh;
			shellScript = "diff \"${PODS_PODFILE_DIR_PATH}/Podfile.lock\" \"${PODS_ROOT}/Manifest.lock\" > /dev/null\nif [ $? != 0 ] ; then\n    # print error to STDERR\n    echo \"error: The sandbox is not in sync with the Podfile.lock. Run 'pod install' or update your CocoaPods installation.\" >&2\n    exit 1\nfi\n# This output is used by Xcode 'outputs' to avoid re-running this script phase.\necho \"SUCCESS\" > \"${SCRIPT_OUTPUT_FILE_0}\"\n";
			showEnvVarsInLog = 0;
		};
		E7A771DE0B69318997B979CB /* [CP] Embed Pods Frameworks */ = {
			isa = PBXShellScriptBuildPhase;
			buildActionMask = 2147483647;
			files = (
			);
			inputFileListPaths = (
				"${PODS_ROOT}/Target Support Files/Pods-Flooming/Pods-Flooming-frameworks-${CONFIGURATION}-input-files.xcfilelist",
			);
			name = "[CP] Embed Pods Frameworks";
			outputFileListPaths = (
				"${PODS_ROOT}/Target Support Files/Pods-Flooming/Pods-Flooming-frameworks-${CONFIGURATION}-output-files.xcfilelist",
			);
			runOnlyForDeploymentPostprocessing = 0;
			shellPath = /bin/sh;
			shellScript = "\"${PODS_ROOT}/Target Support Files/Pods-Flooming/Pods-Flooming-frameworks.sh\"\n";
			showEnvVarsInLog = 0;
		};
/* End PBXShellScriptBuildPhase section */

/* Begin PBXSourcesBuildPhase section */
		D870DE162861DAE30096CC57 /* Sources */ = {
			isa = PBXSourcesBuildPhase;
			buildActionMask = 2147483647;
			files = (
				ADC90D9B28813F9600B55B6F /* ResultPhotoViewController.swift in Sources */,
				AD7E99972876C74A00B5CCEF /* PhotoInfo.swift in Sources */,
				AD2177A928893E1B00673B57 /* FlowerService.swift in Sources */,
				D870DE222861DAE30096CC57 /* ViewController.swift in Sources */,
				AD2177A428893D5300673B57 /* NetworkResult.swift in Sources */,
				D870DE1E2861DAE30096CC57 /* AppDelegate.swift in Sources */,
				D86E9F802864A8460054E535 /* PhotoGuideViewController.swift in Sources */,
				AD2177A628893D9400673B57 /* FlowerModel.swift in Sources */,
				AD74C8472882E2A100B3D1A9 /* ImageErrorViewController.swift in Sources */,
				ADD54077287FECE3009DF6D0 /* GalleryTableViewController.swift in Sources */,
				ADE357E3287ED0A400CB1283 /* ComparePhotoViewController.swift in Sources */,
				ADC90D9D28814B7B00B55B6F /* ErrorViewController.swift in Sources */,
				AD384D6F286C4B1300611D4D /* ChoicePhotoViewController.swift in Sources */,
				AD607F052876D6D30054B60C /* AddActionEditService.swift in Sources */,
				AD3501CE286D9C6F00B4398D /* SimpleAlert.swift in Sources */,
				AD7E99952876BDFF00B5CCEF /* GalleryViewController.swift in Sources */,
				AD3501CC286D9C1100B4398D /* PhotoAuth.swift in Sources */,
				AD0E89562885501A004E90A2 /* FinalResultViewController.swift in Sources */,
				D870DE202861DAE30096CC57 /* SceneDelegate.swift in Sources */,
				ADD54075287FE2ED009DF6D0 /* PopupViewController.swift in Sources */,
			);
			runOnlyForDeploymentPostprocessing = 0;
		};
/* End PBXSourcesBuildPhase section */

/* Begin PBXVariantGroup section */
		D870DE232861DAE30096CC57 /* Main.storyboard */ = {
			isa = PBXVariantGroup;
			children = (
				D870DE242861DAE30096CC57 /* Base */,
			);
			name = Main.storyboard;
			sourceTree = "<group>";
		};
		D870DE282861DAE70096CC57 /* LaunchScreen.storyboard */ = {
			isa = PBXVariantGroup;
			children = (
				D870DE292861DAE70096CC57 /* Base */,
			);
			name = LaunchScreen.storyboard;
			sourceTree = "<group>";
		};
/* End PBXVariantGroup section */

/* Begin XCBuildConfiguration section */
		D870DE2C2861DAE70096CC57 /* Debug */ = {
			isa = XCBuildConfiguration;
			buildSettings = {
				ALWAYS_SEARCH_USER_PATHS = NO;
				CLANG_ANALYZER_NONNULL = YES;
				CLANG_ANALYZER_NUMBER_OBJECT_CONVERSION = YES_AGGRESSIVE;
				CLANG_CXX_LANGUAGE_STANDARD = "gnu++17";
				CLANG_ENABLE_MODULES = YES;
				CLANG_ENABLE_OBJC_ARC = YES;
				CLANG_ENABLE_OBJC_WEAK = YES;
				CLANG_WARN_BLOCK_CAPTURE_AUTORELEASING = YES;
				CLANG_WARN_BOOL_CONVERSION = YES;
				CLANG_WARN_COMMA = YES;
				CLANG_WARN_CONSTANT_CONVERSION = YES;
				CLANG_WARN_DEPRECATED_OBJC_IMPLEMENTATIONS = YES;
				CLANG_WARN_DIRECT_OBJC_ISA_USAGE = YES_ERROR;
				CLANG_WARN_DOCUMENTATION_COMMENTS = YES;
				CLANG_WARN_EMPTY_BODY = YES;
				CLANG_WARN_ENUM_CONVERSION = YES;
				CLANG_WARN_INFINITE_RECURSION = YES;
				CLANG_WARN_INT_CONVERSION = YES;
				CLANG_WARN_NON_LITERAL_NULL_CONVERSION = YES;
				CLANG_WARN_OBJC_IMPLICIT_RETAIN_SELF = YES;
				CLANG_WARN_OBJC_LITERAL_CONVERSION = YES;
				CLANG_WARN_OBJC_ROOT_CLASS = YES_ERROR;
				CLANG_WARN_QUOTED_INCLUDE_IN_FRAMEWORK_HEADER = YES;
				CLANG_WARN_RANGE_LOOP_ANALYSIS = YES;
				CLANG_WARN_STRICT_PROTOTYPES = YES;
				CLANG_WARN_SUSPICIOUS_MOVE = YES;
				CLANG_WARN_UNGUARDED_AVAILABILITY = YES_AGGRESSIVE;
				CLANG_WARN_UNREACHABLE_CODE = YES;
				CLANG_WARN__DUPLICATE_METHOD_MATCH = YES;
				COPY_PHASE_STRIP = NO;
				DEBUG_INFORMATION_FORMAT = dwarf;
				ENABLE_STRICT_OBJC_MSGSEND = YES;
				ENABLE_TESTABILITY = YES;
				GCC_C_LANGUAGE_STANDARD = gnu11;
				GCC_DYNAMIC_NO_PIC = NO;
				GCC_NO_COMMON_BLOCKS = YES;
				GCC_OPTIMIZATION_LEVEL = 0;
				GCC_PREPROCESSOR_DEFINITIONS = (
					"DEBUG=1",
					"$(inherited)",
				);
				GCC_WARN_64_TO_32_BIT_CONVERSION = YES;
				GCC_WARN_ABOUT_RETURN_TYPE = YES_ERROR;
				GCC_WARN_UNDECLARED_SELECTOR = YES;
				GCC_WARN_UNINITIALIZED_AUTOS = YES_AGGRESSIVE;
				GCC_WARN_UNUSED_FUNCTION = YES;
				GCC_WARN_UNUSED_VARIABLE = YES;
				IPHONEOS_DEPLOYMENT_TARGET = 15.5;
				MTL_ENABLE_DEBUG_INFO = INCLUDE_SOURCE;
				MTL_FAST_MATH = YES;
				ONLY_ACTIVE_ARCH = YES;
				SDKROOT = iphoneos;
				SWIFT_ACTIVE_COMPILATION_CONDITIONS = DEBUG;
				SWIFT_OPTIMIZATION_LEVEL = "-Onone";
			};
			name = Debug;
		};
		D870DE2D2861DAE70096CC57 /* Release */ = {
			isa = XCBuildConfiguration;
			buildSettings = {
				ALWAYS_SEARCH_USER_PATHS = NO;
				CLANG_ANALYZER_NONNULL = YES;
				CLANG_ANALYZER_NUMBER_OBJECT_CONVERSION = YES_AGGRESSIVE;
				CLANG_CXX_LANGUAGE_STANDARD = "gnu++17";
				CLANG_ENABLE_MODULES = YES;
				CLANG_ENABLE_OBJC_ARC = YES;
				CLANG_ENABLE_OBJC_WEAK = YES;
				CLANG_WARN_BLOCK_CAPTURE_AUTORELEASING = YES;
				CLANG_WARN_BOOL_CONVERSION = YES;
				CLANG_WARN_COMMA = YES;
				CLANG_WARN_CONSTANT_CONVERSION = YES;
				CLANG_WARN_DEPRECATED_OBJC_IMPLEMENTATIONS = YES;
				CLANG_WARN_DIRECT_OBJC_ISA_USAGE = YES_ERROR;
				CLANG_WARN_DOCUMENTATION_COMMENTS = YES;
				CLANG_WARN_EMPTY_BODY = YES;
				CLANG_WARN_ENUM_CONVERSION = YES;
				CLANG_WARN_INFINITE_RECURSION = YES;
				CLANG_WARN_INT_CONVERSION = YES;
				CLANG_WARN_NON_LITERAL_NULL_CONVERSION = YES;
				CLANG_WARN_OBJC_IMPLICIT_RETAIN_SELF = YES;
				CLANG_WARN_OBJC_LITERAL_CONVERSION = YES;
				CLANG_WARN_OBJC_ROOT_CLASS = YES_ERROR;
				CLANG_WARN_QUOTED_INCLUDE_IN_FRAMEWORK_HEADER = YES;
				CLANG_WARN_RANGE_LOOP_ANALYSIS = YES;
				CLANG_WARN_STRICT_PROTOTYPES = YES;
				CLANG_WARN_SUSPICIOUS_MOVE = YES;
				CLANG_WARN_UNGUARDED_AVAILABILITY = YES_AGGRESSIVE;
				CLANG_WARN_UNREACHABLE_CODE = YES;
				CLANG_WARN__DUPLICATE_METHOD_MATCH = YES;
				COPY_PHASE_STRIP = NO;
				DEBUG_INFORMATION_FORMAT = "dwarf-with-dsym";
				ENABLE_NS_ASSERTIONS = NO;
				ENABLE_STRICT_OBJC_MSGSEND = YES;
				GCC_C_LANGUAGE_STANDARD = gnu11;
				GCC_NO_COMMON_BLOCKS = YES;
				GCC_WARN_64_TO_32_BIT_CONVERSION = YES;
				GCC_WARN_ABOUT_RETURN_TYPE = YES_ERROR;
				GCC_WARN_UNDECLARED_SELECTOR = YES;
				GCC_WARN_UNINITIALIZED_AUTOS = YES_AGGRESSIVE;
				GCC_WARN_UNUSED_FUNCTION = YES;
				GCC_WARN_UNUSED_VARIABLE = YES;
				IPHONEOS_DEPLOYMENT_TARGET = 15.5;
				MTL_ENABLE_DEBUG_INFO = NO;
				MTL_FAST_MATH = YES;
				SDKROOT = iphoneos;
				SWIFT_COMPILATION_MODE = wholemodule;
				SWIFT_OPTIMIZATION_LEVEL = "-O";
				VALIDATE_PRODUCT = YES;
			};
			name = Release;
		};
		D870DE2F2861DAE70096CC57 /* Debug */ = {
			isa = XCBuildConfiguration;
			baseConfigurationReference = 1113ED7655B9E54C709882DB /* Pods-Flooming.debug.xcconfig */;
			buildSettings = {
				ASSETCATALOG_COMPILER_APPICON_NAME = AppIcon;
				ASSETCATALOG_COMPILER_GLOBAL_ACCENT_COLOR_NAME = AccentColor;
				CODE_SIGN_STYLE = Automatic;
				CURRENT_PROJECT_VERSION = 1;
				DEVELOPMENT_TEAM = 277QUM3J2F;
				GENERATE_INFOPLIST_FILE = YES;
				INFOPLIST_FILE = Flooming/Info.plist;
				INFOPLIST_KEY_UIApplicationSupportsIndirectInputEvents = YES;
				INFOPLIST_KEY_UILaunchStoryboardName = LaunchScreen;
				INFOPLIST_KEY_UIMainStoryboardFile = Main;
				INFOPLIST_KEY_UISupportedInterfaceOrientations_iPad = "UIInterfaceOrientationPortrait UIInterfaceOrientationPortraitUpsideDown UIInterfaceOrientationLandscapeLeft UIInterfaceOrientationLandscapeRight";
				INFOPLIST_KEY_UISupportedInterfaceOrientations_iPhone = "UIInterfaceOrientationPortrait UIInterfaceOrientationLandscapeLeft UIInterfaceOrientationLandscapeRight";
				IPHONEOS_DEPLOYMENT_TARGET = 15.0;
				LD_RUNPATH_SEARCH_PATHS = (
					"$(inherited)",
					"@executable_path/Frameworks",
				);
				MARKETING_VERSION = 1.0;
				PRODUCT_BUNDLE_IDENTIFIER = com.bumjun.Flooming;
				PRODUCT_NAME = "$(TARGET_NAME)";
				SWIFT_EMIT_LOC_STRINGS = YES;
				SWIFT_VERSION = 5.0;
				TARGETED_DEVICE_FAMILY = "1,2";
			};
			name = Debug;
		};
		D870DE302861DAE70096CC57 /* Release */ = {
			isa = XCBuildConfiguration;
			baseConfigurationReference = 8D7FFD3109C166CD6B90BEC0 /* Pods-Flooming.release.xcconfig */;
			buildSettings = {
				ASSETCATALOG_COMPILER_APPICON_NAME = AppIcon;
				ASSETCATALOG_COMPILER_GLOBAL_ACCENT_COLOR_NAME = AccentColor;
				CODE_SIGN_STYLE = Automatic;
				CURRENT_PROJECT_VERSION = 1;
				DEVELOPMENT_TEAM = 277QUM3J2F;
				GENERATE_INFOPLIST_FILE = YES;
				INFOPLIST_FILE = Flooming/Info.plist;
				INFOPLIST_KEY_UIApplicationSupportsIndirectInputEvents = YES;
				INFOPLIST_KEY_UILaunchStoryboardName = LaunchScreen;
				INFOPLIST_KEY_UIMainStoryboardFile = Main;
				INFOPLIST_KEY_UISupportedInterfaceOrientations_iPad = "UIInterfaceOrientationPortrait UIInterfaceOrientationPortraitUpsideDown UIInterfaceOrientationLandscapeLeft UIInterfaceOrientationLandscapeRight";
				INFOPLIST_KEY_UISupportedInterfaceOrientations_iPhone = "UIInterfaceOrientationPortrait UIInterfaceOrientationLandscapeLeft UIInterfaceOrientationLandscapeRight";
				IPHONEOS_DEPLOYMENT_TARGET = 15.0;
				LD_RUNPATH_SEARCH_PATHS = (
					"$(inherited)",
					"@executable_path/Frameworks",
				);
				MARKETING_VERSION = 1.0;
				PRODUCT_BUNDLE_IDENTIFIER = com.bumjun.Flooming;
				PRODUCT_NAME = "$(TARGET_NAME)";
				SWIFT_EMIT_LOC_STRINGS = YES;
				SWIFT_VERSION = 5.0;
				TARGETED_DEVICE_FAMILY = "1,2";
			};
			name = Release;
		};
/* End XCBuildConfiguration section */

/* Begin XCConfigurationList section */
		D870DE152861DAE30096CC57 /* Build configuration list for PBXProject "Flooming" */ = {
			isa = XCConfigurationList;
			buildConfigurations = (
				D870DE2C2861DAE70096CC57 /* Debug */,
				D870DE2D2861DAE70096CC57 /* Release */,
			);
			defaultConfigurationIsVisible = 0;
			defaultConfigurationName = Release;
		};
		D870DE2E2861DAE70096CC57 /* Build configuration list for PBXNativeTarget "Flooming" */ = {
			isa = XCConfigurationList;
			buildConfigurations = (
				D870DE2F2861DAE70096CC57 /* Debug */,
				D870DE302861DAE70096CC57 /* Release */,
			);
			defaultConfigurationIsVisible = 0;
			defaultConfigurationName = Release;
		};
/* End XCConfigurationList section */
	};
	rootObject = D870DE122861DAE30096CC57 /* Project object */;
}
